<?xml version="1.0" encoding="utf-8"?>
<Project ToolsVersion="4.0" xmlns="http://schemas.microsoft.com/developer/msbuild/2003">
  <ItemGroup>
    <ClInclude Include="App.xaml.h" />
    <ClInclude Include="MainWindow.xaml.h" />
  </ItemGroup>
  <ItemGroup>
    <ClCompile Include="App.xaml.cpp" />
    <ClCompile Include="MainWindow.xaml.cpp" />
    <ClCompile Include="main.cpp" />
    <ClCompile Include="XamlGeneratedCompat.cpp" />
  </ItemGroup>
  <ItemGroup>
    <Page Include="App.xaml" />
    <Page Include="MainWindow.xaml" />
  </ItemGroup>
  <ItemGroup>
    <ClInclude Include="pages\AdvancedPage.h">
      <Filter>pages</Filter>
    </ClInclude>
    <ClInclude Include="pages\AudioPage.h">
      <Filter>pages</Filter>
    </ClInclude>
    <ClInclude Include="pages\DiagnosticsPage.h">
      <Filter>pages</Filter>
    </ClInclude>
    <ClInclude Include="pages\HotkeysPage.h">
      <Filter>pages</Filter>
    </ClInclude>
    <ClInclude Include="pages\LogsPage.h">
      <Filter>pages</Filter>
    </ClInclude>
    <ClInclude Include="pages\OutputPage.h">
      <Filter>pages</Filter>
    </ClInclude>
    <ClInclude Include="pages\RecordPage.h">
      <Filter>pages</Filter>
    </ClInclude>
    <ClInclude Include="pages\VideoPage.h">
      <Filter>pages</Filter>
    </ClInclude>
  </ItemGroup>
  <ItemGroup>
    <ClCompile Include="pages\AdvancedPage.cpp">
      <Filter>pages</Filter>
    </ClCompile>
    <ClCompile Include="pages\AudioPage.cpp">
      <Filter>pages</Filter>
    </ClCompile>
    <ClCompile Include="pages\DiagnosticsPage.cpp">
      <Filter>pages</Filter>
    </ClCompile>
    <ClCompile Include="pages\HotkeysPage.cpp">
      <Filter>pages</Filter>
    </ClCompile>
    <ClCompile Include="pages\LogsPage.cpp">
      <Filter>pages</Filter>
    </ClCompile>
    <ClCompile Include="pages\OutputPage.cpp">
      <Filter>pages</Filter>
    </ClCompile>
    <ClCompile Include="pages\RecordPage.cpp">
      <Filter>pages</Filter>
    </ClCompile>
    <ClCompile Include="pages\VideoPage.cpp">
      <Filter>pages</Filter>
    </ClCompile>
  </ItemGroup>
  <ItemGroup>
    <Page Include="pages\AdvancedPage.xaml">
      <Filter>pages</Filter>
    </Page>
    <Page Include="pages\AudioPage.xaml">
      <Filter>pages</Filter>
    </Page>
    <Page Include="pages\DiagnosticsPage.xaml">
      <Filter>pages</Filter>
    </Page>
    <Page Include="pages\HotkeysPage.xaml">
      <Filter>pages</Filter>
    </Page>
    <Page Include="pages\LogsPage.xaml">
      <Filter>pages</Filter>
    </Page>
    <Page Include="pages\OutputPage.xaml">
      <Filter>pages</Filter>
    </Page>
    <Page Include="pages\RecordPage.xaml">
      <Filter>pages</Filter>
    </Page>
    <Page Include="pages\VideoPage.xaml">
      <Filter>pages</Filter>
    </Page>
  </ItemGroup>
  <ItemGroup>
    <None Include="Package.appxmanifest" />
  </ItemGroup>
  <ItemGroup>
    <Filter Include="pages" />
    <Filter Include="services" />
    <Filter Include="viewmodels" />
  </ItemGroup>
  <ItemGroup>
    <ClInclude Include="services\RecordingCoordinator.h">
      <Filter>services</Filter>
    </ClInclude>
    <ClInclude Include="viewmodels\RecordViewModel.h">
      <Filter>viewmodels</Filter>
    </ClInclude>
  </ItemGroup>
  <ItemGroup>
    <ClCompile Include="services\RecordingCoordinator.cpp">
      <Filter>services</Filter>
    </ClCompile>
    <ClCompile Include="viewmodels\RecordViewModel.cpp">
      <Filter>viewmodels</Filter>
    </ClCompile>
  </ItemGroup>
</Project>
